
Microsoft Visual Studio Solution File, Format Version 12.00
# Visual Studio Version 16
VisualStudioVersion = 16.0.29209.62
MinimumVisualStudioVersion = 10.0.40219.1
Project("{9A19103F-16F7-4668-BE54-9A1E7A4F7556}") = "a101_backend", "a101_backend.csproj", "{7AD71AE8-BA9D-49F6-840B-4BCD17E0889D}"
EndProject
Global
	GlobalSection(SolutionConfigurationPlatforms) = preSolution
		Debug|Any CPU = Debug|Any CPU
		Release|Any CPU = Release|Any CPU
	EndGlobalSection
	GlobalSection(ProjectConfigurationPlatforms) = postSolution
		{7AD71AE8-BA9D-49F6-840B-4BCD17E0889D}.Debug|Any CPU.ActiveCfg = Debug|Any CPU
		{7AD71AE8-BA9D-49F6-840B-4BCD17E0889D}.Debug|Any CPU.Build.0 = Debug|Any CPU
		{7AD71AE8-BA9D-49F6-840B-4BCD17E0889D}.Release|Any CPU.ActiveCfg = Release|Any CPU
		{7AD71AE8-BA9D-49F6-840B-4BCD17E0889D}.Release|Any CPU.Build.0 = Release|Any CPU
	EndGlobalSection
	GlobalSection(SolutionProperties) = preSolution
		HideSolutionNode = FALSE
	EndGlobalSection
	GlobalSection(ExtensibilityGlobals) = postSolution
		SolutionGuid = {0AF4B808-EC56-49AC-8C7A-F097C04F99B4}
	EndGlobalSection
EndGlobal
